
Microsoft Visual Studio Solution File, Format Version 12.00
# Visual Studio Version 17
VisualStudioVersion = 17.14.36518.9
MinimumVisualStudioVersion = 10.0.40219.1
Project("{FAE04EC0-301F-11D3-BF4B-00C04F79EFBC}") = "New_Ev", "New_Ev\New_Ev.csproj", "{15F1F008-7306-401A-9C28-54A24A371EA4}"
EndProject
Project("{FAE04EC0-301F-11D3-BF4B-00C04F79EFBC}") = "CH341_Demo", "..\..\..\Documents\daskoreaMessenger\CH341_Demo\CH341_Demo\CH341_Demo.csproj", "{90F813B7-A824-DB69-1EE9-9AC3408D1C2D}"
EndProject
Global
	GlobalSection(SolutionConfigurationPlatforms) = preSolution
		Debug|Any CPU = Debug|Any CPU
		Debug|x86 = Debug|x86
		Release|Any CPU = Release|Any CPU
		Release|x86 = Release|x86
	EndGlobalSection
	GlobalSection(ProjectConfigurationPlatforms) = postSolution
		{15F1F008-7306-401A-9C28-54A24A371EA4}.Debug|Any CPU.ActiveCfg = Debug|Any CPU
		{15F1F008-7306-401A-9C28-54A24A371EA4}.Debug|Any CPU.Build.0 = Debug|Any CPU
		{15F1F008-7306-401A-9C28-54A24A371EA4}.Debug|x86.ActiveCfg = Debug|x86
		{15F1F008-7306-401A-9C28-54A24A371EA4}.Debug|x86.Build.0 = Debug|x86
		{15F1F008-7306-401A-9C28-54A24A371EA4}.Release|Any CPU.ActiveCfg = Release|Any CPU
		{15F1F008-7306-401A-9C28-54A24A371EA4}.Release|Any CPU.Build.0 = Release|Any CPU
		{15F1F008-7306-401A-9C28-54A24A371EA4}.Release|x86.ActiveCfg = Release|x86
		{15F1F008-7306-401A-9C28-54A24A371EA4}.Release|x86.Build.0 = Release|x86
		{90F813B7-A824-DB69-1EE9-9AC3408D1C2D}.Debug|Any CPU.ActiveCfg = Debug|Any CPU
		{90F813B7-A824-DB69-1EE9-9AC3408D1C2D}.Debug|Any CPU.Build.0 = Debug|Any CPU
		{90F813B7-A824-DB69-1EE9-9AC3408D1C2D}.Debug|x86.ActiveCfg = Debug|x86
		{90F813B7-A824-DB69-1EE9-9AC3408D1C2D}.Debug|x86.Build.0 = Debug|x86
		{90F813B7-A824-DB69-1EE9-9AC3408D1C2D}.Release|Any CPU.ActiveCfg = Release|Any CPU
		{90F813B7-A824-DB69-1EE9-9AC3408D1C2D}.Release|Any CPU.Build.0 = Release|Any CPU
		{90F813B7-A824-DB69-1EE9-9AC3408D1C2D}.Release|x86.ActiveCfg = Release|x86
		{90F813B7-A824-DB69-1EE9-9AC3408D1C2D}.Release|x86.Build.0 = Release|x86
	EndGlobalSection
	GlobalSection(SolutionProperties) = preSolution
		HideSolutionNode = FALSE
	EndGlobalSection
	GlobalSection(ExtensibilityGlobals) = postSolution
		SolutionGuid = {8F26256E-1D9F-448C-940A-1B2F469767D1}
	EndGlobalSection
EndGlobal
